PODS:
  - MBProgressHUD (1.0.0)
  - SSZipArchive (2.0.4)

DEPENDENCIES:
  - MBProgressHUD
  - SSZipArchive

SPEC CHECKSUMS:
  MBProgressHUD: 4890f671c94e8a0f3cf959aa731e9de2f036d71a
  SSZipArchive: c77fc6ec8194f4e6d57876da1348e46cd63b90ba

PODFILE CHECKSUM: 29cb3086d0c9fa73a80dde86ccca8c51e73c3a29

COCOAPODS: 1.1.1
